// !$*UTF8*$!
{
	archiveVersion = 1;
	classes = {
	};
	objectVersion = 48;
	objects = {

/* Begin PBXBuildFile section */
		C07E147F1FE321F000FF3BDA /* AppDelegate.swift in Sources */ = {isa = PBXBuildFile; fileRef = C07E147E1FE321F000FF3BDA /* AppDelegate.swift */; };
		C07E14811FE321F000FF3BDA /* ViewController.swift in Sources */ = {isa = PBXBuildFile; fileRef = C07E14801FE321F000FF3BDA /* ViewController.swift */; };
		C07E14841FE321F000FF3BDA /* Main.storyboard in Resources */ = {isa = PBXBuildFile; fileRef = C07E14821FE321F000FF3BDA /* Main.storyboard */; };
		C07E14861FE321F000FF3BDA /* Assets.xcassets in Resources */ = {isa = PBXBuildFile; fileRef = C07E14851FE321F000FF3BDA /* Assets.xcassets */; };
		C07E14891FE321F000FF3BDA /* LaunchScreen.storyboard in Resources */ = {isa = PBXBuildFile; fileRef = C07E14871FE321F000FF3BDA /* LaunchScreen.storyboard */; };
		C07E14941FE321F000FF3BDA /* Swipes___ShakesTests.swift in Sources */ = {isa = PBXBuildFile; fileRef = C07E14931FE321F000FF3BDA /* Swipes___ShakesTests.swift */; };
		C07E149F1FE321F000FF3BDA /* Swipes___ShakesUITests.swift in Sources */ = {isa = PBXBuildFile; fileRef = C07E149E1FE321F000FF3BDA /* Swipes___ShakesUITests.swift */; };
/* End PBXBuildFile section */

/* Begin PBXContainerItemProxy section */
		C07E14901FE321F000FF3BDA /* PBXContainerItemProxy */ = {
			isa = PBXContainerItemProxy;
			containerPortal = C07E14731FE321F000FF3BDA /* Project object */;
			proxyType = 1;
			remoteGlobalIDString = C07E147A1FE321F000FF3BDA;
			remoteInfo = "Swipes & Shakes";
		};
		C07E149B1FE321F000FF3BDA /* PBXContainerItemProxy */ = {
			isa = PBXContainerItemProxy;
			containerPortal = C07E14731FE321F000FF3BDA /* Project object */;
			proxyType = 1;
			remoteGlobalIDString = C07E147A1FE321F000FF3BDA;
			remoteInfo = "Swipes & Shakes";
		};
/* End PBXContainerItemProxy section */

/* Begin PBXFileReference section */
		C07E147B1FE321F000FF3BDA /* Swipes & Shakes.app */ = {isa = PBXFileReference; explicitFileType = wrapper.application; includeInIndex = 0; path = "Swipes & Shakes.app"; sourceTree = BUILT_PRODUCTS_DIR; };
		C07E147E1FE321F000FF3BDA /* AppDelegate.swift */ = {isa = PBXFileReference; lastKnownFileType = sourcecode.swift; path = AppDelegate.swift; sourceTree = "<group>"; };
		C07E14801FE321F000FF3BDA /* ViewController.swift */ = {isa = PBXFileReference; lastKnownFileType = sourcecode.swift; path = ViewController.swift; sourceTree = "<group>"; };
		C07E14831FE321F000FF3BDA /* Base */ = {isa = PBXFileReference; lastKnownFileType = file.storyboard; name = Base; path = Base.lproj/Main.storyboard; sourceTree = "<group>"; };
		C07E14851FE321F000FF3BDA /* Assets.xcassets */ = {isa = PBXFileReference; lastKnownFileType = folder.assetcatalog; path = Assets.xcassets; sourceTree = "<group>"; };
		C07E14881FE321F000FF3BDA /* Base */ = {isa = PBXFileReference; lastKnownFileType = file.storyboard; name = Base; path = Base.lproj/LaunchScreen.storyboard; sourceTree = "<group>"; };
		C07E148A1FE321F000FF3BDA /* Info.plist */ = {isa = PBXFileReference; lastKnownFileType = text.plist.xml; path = Info.plist; sourceTree = "<group>"; };
		C07E148F1FE321F000FF3BDA /* Swipes & ShakesTests.xctest */ = {isa = PBXFileReference; explicitFileType = wrapper.cfbundle; includeInIndex = 0; path = "Swipes & ShakesTests.xctest"; sourceTree = BUILT_PRODUCTS_DIR; };
		C07E14931FE321F000FF3BDA /* Swipes___ShakesTests.swift */ = {isa = PBXFileReference; lastKnownFileType = sourcecode.swift; path = "Swipes___ShakesTests.swift"; sourceTree = "<group>"; };
		C07E14951FE321F000FF3BDA /* Info.plist */ = {isa = PBXFileReference; lastKnownFileType = text.plist.xml; path = Info.plist; sourceTree = "<group>"; };
		C07E149A1FE321F000FF3BDA /* Swipes & ShakesUITests.xctest */ = {isa = PBXFileReference; explicitFileType = wrapper.cfbundle; includeInIndex = 0; path = "Swipes & ShakesUITests.xctest"; sourceTree = BUILT_PRODUCTS_DIR; };
		C07E149E1FE321F000FF3BDA /* Swipes___ShakesUITests.swift */ = {isa = PBXFileReference; lastKnownFileType = sourcecode.swift; path = "Swipes___ShakesUITests.swift"; sourceTree = "<group>"; };
		C07E14A01FE321F000FF3BDA /* Info.plist */ = {isa = PBXFileReference; lastKnownFileType = text.plist.xml; path = Info.plist; sourceTree = "<group>"; };
/* End PBXFileReference section */

/* Begin PBXFrameworksBuildPhase section */
		C07E14781FE321F000FF3BDA /* Frameworks */ = {
			isa = PBXFrameworksBuildPhase;
			buildActionMask = 2147483647;
			files = (
			);
			runOnlyForDeploymentPostprocessing = 0;
		};
		C07E148C1FE321F000FF3BDA /* Frameworks */ = {
			isa = PBXFrameworksBuildPhase;
			buildActionMask = 2147483647;
			files = (
			);
			runOnlyForDeploymentPostprocessing = 0;
		};
		C07E14971FE321F000FF3BDA /* Frameworks */ = {
			isa = PBXFrameworksBuildPhase;
			buildActionMask = 2147483647;
			files = (
			);
			runOnlyForDeploymentPostprocessing = 0;
		};
/* End PBXFrameworksBuildPhase section */

/* Begin PBXGroup section */
		C07E14721FE321F000FF3BDA = {
			isa = PBXGroup;
			children = (
				C07E147D1FE321F000FF3BDA /* Swipes & Shakes */,
				C07E14921FE321F000FF3BDA /* Swipes & ShakesTests */,
				C07E149D1FE321F000FF3BDA /* Swipes & ShakesUITests */,
				C07E147C1FE321F000FF3BDA /* Products */,
			);
			sourceTree = "<group>";
		};
		C07E147C1FE321F000FF3BDA /* Products */ = {
			isa = PBXGroup;
			children = (
				C07E147B1FE321F000FF3BDA /* Swipes & Shakes.app */,
				C07E148F1FE321F000FF3BDA /* Swipes & ShakesTests.xctest */,
				C07E149A1FE321F000FF3BDA /* Swipes & ShakesUITests.xctest */,
			);
			name = Products;
			sourceTree = "<group>";
		};
		C07E147D1FE321F000FF3BDA /* Swipes & Shakes */ = {
			isa = PBXGroup;
			children = (
				C07E147E1FE321F000FF3BDA /* AppDelegate.swift */,
				C07E14801FE321F000FF3BDA /* ViewController.swift */,
				C07E14821FE321F000FF3BDA /* Main.storyboard */,
				C07E14851FE321F000FF3BDA /* Assets.xcassets */,
				C07E14871FE321F000FF3BDA /* LaunchScreen.storyboard */,
				C07E148A1FE321F000FF3BDA /* Info.plist */,
			);
			path = "Swipes & Shakes";
			sourceTree = "<group>";
		};
		C07E14921FE321F000FF3BDA /* Swipes & ShakesTests */ = {
			isa = PBXGroup;
			children = (
				C07E14931FE321F000FF3BDA /* Swipes___ShakesTests.swift */,
				C07E14951FE321F000FF3BDA /* Info.plist */,
			);
			path = "Swipes & ShakesTests";
			sourceTree = "<group>";
		};
		C07E149D1FE321F000FF3BDA /* Swipes & ShakesUITests */ = {
			isa = PBXGroup;
			children = (
				C07E149E1FE321F000FF3BDA /* Swipes___ShakesUITests.swift */,
				C07E14A01FE321F000FF3BDA /* Info.plist */,
			);
			path = "Swipes & ShakesUITests";
			sourceTree = "<group>";
		};
/* End PBXGroup section */

/* Begin PBXNativeTarget section */
		C07E147A1FE321F000FF3BDA /* Swipes & Shakes */ = {
			isa = PBXNativeTarget;
			buildConfigurationList = C07E14A31FE321F000FF3BDA /* Build configuration list for PBXNativeTarget "Swipes & Shakes" */;
			buildPhases = (
				C07E14771FE321F000FF3BDA /* Sources */,
				C07E14781FE321F000FF3BDA /* Frameworks */,
				C07E14791FE321F000FF3BDA /* Resources */,
			);
			buildRules = (
			);
			dependencies = (
			);
			name = "Swipes & Shakes";
			productName = "Swipes & Shakes";
			productReference = C07E147B1FE321F000FF3BDA /* Swipes & Shakes.app */;
			productType = "com.apple.product-type.application";
		};
		C07E148E1FE321F000FF3BDA /* Swipes & ShakesTests */ = {
			isa = PBXNativeTarget;
			buildConfigurationList = C07E14A61FE321F000FF3BDA /* Build configuration list for PBXNativeTarget "Swipes & ShakesTests" */;
			buildPhases = (
				C07E148B1FE321F000FF3BDA /* Sources */,
				C07E148C1FE321F000FF3BDA /* Frameworks */,
				C07E148D1FE321F000FF3BDA /* Resources */,
			);
			buildRules = (
			);
			dependencies = (
				C07E14911FE321F000FF3BDA /* PBXTargetDependency */,
			);
			name = "Swipes & ShakesTests";
			productName = "Swipes & ShakesTests";
			productReference = C07E148F1FE321F000FF3BDA /* Swipes & ShakesTests.xctest */;
			productType = "com.apple.product-type.bundle.unit-test";
		};
		C07E14991FE321F000FF3BDA /* Swipes & ShakesUITests */ = {
			isa = PBXNativeTarget;
			buildConfigurationList = C07E14A91FE321F000FF3BDA /* Build configuration list for PBXNativeTarget "Swipes & ShakesUITests" */;
			buildPhases = (
				C07E14961FE321F000FF3BDA /* Sources */,
				C07E14971FE321F000FF3BDA /* Frameworks */,
				C07E14981FE321F000FF3BDA /* Resources */,
			);
			buildRules = (
			);
			dependencies = (
				C07E149C1FE321F000FF3BDA /* PBXTargetDependency */,
			);
			name = "Swipes & ShakesUITests";
			productName = "Swipes & ShakesUITests";
			productReference = C07E149A1FE321F000FF3BDA /* Swipes & ShakesUITests.xctest */;
			productType = "com.apple.product-type.bundle.ui-testing";
		};
/* End PBXNativeTarget section */

/* Begin PBXProject section */
		C07E14731FE321F000FF3BDA /* Project object */ = {
			isa = PBXProject;
			attributes = {
				LastSwiftUpdateCheck = 0920;
				LastUpgradeCheck = 0920;
				ORGANIZATIONNAME = "Nathan Ooley";
				TargetAttributes = {
					C07E147A1FE321F000FF3BDA = {
						CreatedOnToolsVersion = 9.2;
						ProvisioningStyle = Automatic;
					};
					C07E148E1FE321F000FF3BDA = {
						CreatedOnToolsVersion = 9.2;
						ProvisioningStyle = Automatic;
						TestTargetID = C07E147A1FE321F000FF3BDA;
					};
					C07E14991FE321F000FF3BDA = {
						CreatedOnToolsVersion = 9.2;
						ProvisioningStyle = Automatic;
						TestTargetID = C07E147A1FE321F000FF3BDA;
					};
				};
			};
			buildConfigurationList = C07E14761FE321F000FF3BDA /* Build configuration list for PBXProject "Swipes & Shakes" */;
			compatibilityVersion = "Xcode 8.0";
			developmentRegion = en;
			hasScannedForEncodings = 0;
			knownRegions = (
				en,
				Base,
			);
			mainGroup = C07E14721FE321F000FF3BDA;
			productRefGroup = C07E147C1FE321F000FF3BDA /* Products */;
			projectDirPath = "";
			projectRoot = "";
			targets = (
				C07E147A1FE321F000FF3BDA /* Swipes & Shakes */,
				C07E148E1FE321F000FF3BDA /* Swipes & ShakesTests */,
				C07E14991FE321F000FF3BDA /* Swipes & ShakesUITests */,
			);
		};
/* End PBXProject section */

/* Begin PBXResourcesBuildPhase section */
		C07E14791FE321F000FF3BDA /* Resources */ = {
			isa = PBXResourcesBuildPhase;
			buildActionMask = 2147483647;
			files = (
				C07E14891FE321F000FF3BDA /* LaunchScreen.storyboard in Resources */,
				C07E14861FE321F000FF3BDA /* Assets.xcassets in Resources */,
				C07E14841FE321F000FF3BDA /* Main.storyboard in Resources */,
			);
			runOnlyForDeploymentPostprocessing = 0;
		};
		C07E148D1FE321F000FF3BDA /* Resources */ = {
			isa = PBXResourcesBuildPhase;
			buildActionMask = 2147483647;
			files = (
			);
			runOnlyForDeploymentPostprocessing = 0;
		};
		C07E14981FE321F000FF3BDA /* Resources */ = {
			isa = PBXResourcesBuildPhase;
			buildActionMask = 2147483647;
			files = (
			);
			runOnlyForDeploymentPostprocessing = 0;
		};
/* End PBXResourcesBuildPhase section */

/* Begin PBXSourcesBuildPhase section */
		C07E14771FE321F000FF3BDA /* Sources */ = {
			isa = PBXSourcesBuildPhase;
			buildActionMask = 2147483647;
			files = (
				C07E14811FE321F000FF3BDA /* ViewController.swift in Sources */,
				C07E147F1FE321F000FF3BDA /* AppDelegate.swift in Sources */,
			);
			runOnlyForDeploymentPostprocessing = 0;
		};
		C07E148B1FE321F000FF3BDA /* Sources */ = {
			isa = PBXSourcesBuildPhase;
			buildActionMask = 2147483647;
			files = (
				C07E14941FE321F000FF3BDA /* Swipes___ShakesTests.swift in Sources */,
			);
			runOnlyForDeploymentPostprocessing = 0;
		};
		C07E14961FE321F000FF3BDA /* Sources */ = {
			isa = PBXSourcesBuildPhase;
			buildActionMask = 2147483647;
			files = (
				C07E149F1FE321F000FF3BDA /* Swipes___ShakesUITests.swift in Sources */,
			);
			runOnlyForDeploymentPostprocessing = 0;
		};
/* End PBXSourcesBuildPhase section */

/* Begin PBXTargetDependency section */
		C07E14911FE321F000FF3BDA /* PBXTargetDependency */ = {
			isa = PBXTargetDependency;
			target = C07E147A1FE321F000FF3BDA /* Swipes & Shakes */;
			targetProxy = C07E14901FE321F000FF3BDA /* PBXContainerItemProxy */;
		};
		C07E149C1FE321F000FF3BDA /* PBXTargetDependency */ = {
			isa = PBXTargetDependency;
			target = C07E147A1FE321F000FF3BDA /* Swipes & Shakes */;
			targetProxy = C07E149B1FE321F000FF3BDA /* PBXContainerItemProxy */;
		};
/* End PBXTargetDependency section */

/* Begin PBXVariantGroup section */
		C07E14821FE321F000FF3BDA /* Main.storyboard */ = {
			isa = PBXVariantGroup;
			children = (
				C07E14831FE321F000FF3BDA /* Base */,
			);
			name = Main.storyboard;
			sourceTree = "<group>";
		};
		C07E14871FE321F000FF3BDA /* LaunchScreen.storyboard */ = {
			isa = PBXVariantGroup;
			children = (
				C07E14881FE321F000FF3BDA /* Base */,
			);
			name = LaunchScreen.storyboard;
			sourceTree = "<group>";
		};
/* End PBXVariantGroup section */

/* Begin XCBuildConfiguration section */
		C07E14A11FE321F000FF3BDA /* Debug */ = {
			isa = XCBuildConfiguration;
			buildSettings = {
				ALWAYS_SEARCH_USER_PATHS = NO;
				CLANG_ANALYZER_NONNULL = YES;
				CLANG_ANALYZER_NUMBER_OBJECT_CONVERSION = YES_AGGRESSIVE;
				CLANG_CXX_LANGUAGE_STANDARD = "gnu++14";
				CLANG_CXX_LIBRARY = "libc++";
				CLANG_ENABLE_MODULES = YES;
				CLANG_ENABLE_OBJC_ARC = YES;
				CLANG_WARN_BLOCK_CAPTURE_AUTORELEASING = YES;
				CLANG_WARN_BOOL_CONVERSION = YES;
				CLANG_WARN_COMMA = YES;
				CLANG_WARN_CONSTANT_CONVERSION = YES;
				CLANG_WARN_DIRECT_OBJC_ISA_USAGE = YES_ERROR;
				CLANG_WARN_DOCUMENTATION_COMMENTS = YES;
				CLANG_WARN_EMPTY_BODY = YES;
				CLANG_WARN_ENUM_CONVERSION = YES;
				CLANG_WARN_INFINITE_RECURSION = YES;
				CLANG_WARN_INT_CONVERSION = YES;
				CLANG_WARN_NON_LITERAL_NULL_CONVERSION = YES;
				CLANG_WARN_OBJC_LITERAL_CONVERSION = YES;
				CLANG_WARN_OBJC_ROOT_CLASS = YES_ERROR;
				CLANG_WARN_RANGE_LOOP_ANALYSIS = YES;
				CLANG_WARN_STRICT_PROTOTYPES = YES;
				CLANG_WARN_SUSPICIOUS_MOVE = YES;
				CLANG_WARN_UNGUARDED_AVAILABILITY = YES_AGGRESSIVE;
				CLANG_WARN_UNREACHABLE_CODE = YES;
				CLANG_WARN__DUPLICATE_METHOD_MATCH = YES;
				CODE_SIGN_IDENTITY = "iPhone Developer";
				COPY_PHASE_STRIP = NO;
				DEBUG_INFORMATION_FORMAT = dwarf;
				ENABLE_STRICT_OBJC_MSGSEND = YES;
				ENABLE_TESTABILITY = YES;
				GCC_C_LANGUAGE_STANDARD = gnu11;
				GCC_DYNAMIC_NO_PIC = NO;
				GCC_NO_COMMON_BLOCKS = YES;
				GCC_OPTIMIZATION_LEVEL = 0;
				GCC_PREPROCESSOR_DEFINITIONS = (
					"DEBUG=1",
					"$(inherited)",
				);
				GCC_WARN_64_TO_32_BIT_CONVERSION = YES;
				GCC_WARN_ABOUT_RETURN_TYPE = YES_ERROR;
				GCC_WARN_UNDECLARED_SELECTOR = YES;
				GCC_WARN_UNINITIALIZED_AUTOS = YES_AGGRESSIVE;
				GCC_WARN_UNUSED_FUNCTION = YES;
				GCC_WARN_UNUSED_VARIABLE = YES;
				IPHONEOS_DEPLOYMENT_TARGET = 11.2;
				MTL_ENABLE_DEBUG_INFO = YES;
				ONLY_ACTIVE_ARCH = YES;
				SDKROOT = iphoneos;
				SWIFT_ACTIVE_COMPILATION_CONDITIONS = DEBUG;
				SWIFT_OPTIMIZATION_LEVEL = "-Onone";
			};
			name = Debug;
		};
		C07E14A21FE321F000FF3BDA /* Release */ = {
			isa = XCBuildConfiguration;
			buildSettings = {
				ALWAYS_SEARCH_USER_PATHS = NO;
				CLANG_ANALYZER_NONNULL = YES;
				CLANG_ANALYZER_NUMBER_OBJECT_CONVERSION = YES_AGGRESSIVE;
				CLANG_CXX_LANGUAGE_STANDARD = "gnu++14";
				CLANG_CXX_LIBRARY = "libc++";
				CLANG_ENABLE_MODULES = YES;
				CLANG_ENABLE_OBJC_ARC = YES;
				CLANG_WARN_BLOCK_CAPTURE_AUTORELEASING = YES;
				CLANG_WARN_BOOL_CONVERSION = YES;
				CLANG_WARN_COMMA = YES;
				CLANG_WARN_CONSTANT_CONVERSION = YES;
				CLANG_WARN_DIRECT_OBJC_ISA_USAGE = YES_ERROR;
				CLANG_WARN_DOCUMENTATION_COMMENTS = YES;
				CLANG_WARN_EMPTY_BODY = YES;
				CLANG_WARN_ENUM_CONVERSION = YES;
				CLANG_WARN_INFINITE_RECURSION = YES;
				CLANG_WARN_INT_CONVERSION = YES;
				CLANG_WARN_NON_LITERAL_NULL_CONVERSION = YES;
				CLANG_WARN_OBJC_LITERAL_CONVERSION = YES;
				CLANG_WARN_OBJC_ROOT_CLASS = YES_ERROR;
				CLANG_WARN_RANGE_LOOP_ANALYSIS = YES;
				CLANG_WARN_STRICT_PROTOTYPES = YES;
				CLANG_WARN_SUSPICIOUS_MOVE = YES;
				CLANG_WARN_UNGUARDED_AVAILABILITY = YES_AGGRESSIVE;
				CLANG_WARN_UNREACHABLE_CODE = YES;
				CLANG_WARN__DUPLICATE_METHOD_MATCH = YES;
				CODE_SIGN_IDENTITY = "iPhone Developer";
				COPY_PHASE_STRIP = NO;
				DEBUG_INFORMATION_FORMAT = "dwarf-with-dsym";
				ENABLE_NS_ASSERTIONS = NO;
				ENABLE_STRICT_OBJC_MSGSEND = YES;
				GCC_C_LANGUAGE_STANDARD = gnu11;
				GCC_NO_COMMON_BLOCKS = YES;
				GCC_WARN_64_TO_32_BIT_CONVERSION = YES;
				GCC_WARN_ABOUT_RETURN_TYPE = YES_ERROR;
				GCC_WARN_UNDECLARED_SELECTOR = YES;
				GCC_WARN_UNINITIALIZED_AUTOS = YES_AGGRESSIVE;
				GCC_WARN_UNUSED_FUNCTION = YES;
				GCC_WARN_UNUSED_VARIABLE = YES;
				IPHONEOS_DEPLOYMENT_TARGET = 11.2;
				MTL_ENABLE_DEBUG_INFO = NO;
				SDKROOT = iphoneos;
				SWIFT_OPTIMIZATION_LEVEL = "-Owholemodule";
				VALIDATE_PRODUCT = YES;
			};
			name = Release;
		};
		C07E14A41FE321F000FF3BDA /* Debug */ = {
			isa = XCBuildConfiguration;
			buildSettings = {
				ASSETCATALOG_COMPILER_APPICON_NAME = AppIcon;
				CODE_SIGN_STYLE = Automatic;
				INFOPLIST_FILE = "Swipes & Shakes/Info.plist";
				LD_RUNPATH_SEARCH_PATHS = "$(inherited) @executable_path/Frameworks";
				PRODUCT_BUNDLE_IDENTIFIER = "com.appmosphere.shakes-swipes.Swipes---Shakes";
				PRODUCT_NAME = "$(TARGET_NAME)";
				SWIFT_VERSION = 4.0;
				TARGETED_DEVICE_FAMILY = "1,2";
			};
			name = Debug;
		};
		C07E14A51FE321F000FF3BDA /* Release */ = {
			isa = XCBuildConfiguration;
			buildSettings = {
				ASSETCATALOG_COMPILER_APPICON_NAME = AppIcon;
				CODE_SIGN_STYLE = Automatic;
				INFOPLIST_FILE = "Swipes & Shakes/Info.plist";
				LD_RUNPATH_SEARCH_PATHS = "$(inherited) @executable_path/Frameworks";
				PRODUCT_BUNDLE_IDENTIFIER = "com.appmosphere.shakes-swipes.Swipes---Shakes";
				PRODUCT_NAME = "$(TARGET_NAME)";
				SWIFT_VERSION = 4.0;
				TARGETED_DEVICE_FAMILY = "1,2";
			};
			name = Release;
		};
		C07E14A71FE321F000FF3BDA /* Debug */ = {
			isa = XCBuildConfiguration;
			buildSettings = {
				ALWAYS_EMBED_SWIFT_STANDARD_LIBRARIES = YES;
				BUNDLE_LOADER = "$(TEST_HOST)";
				CODE_SIGN_STYLE = Automatic;
				INFOPLIST_FILE = "Swipes & ShakesTests/Info.plist";
				LD_RUNPATH_SEARCH_PATHS = "$(inherited) @executable_path/Frameworks @loader_path/Frameworks";
				PRODUCT_BUNDLE_IDENTIFIER = "com.appmosphere.shakes-swipes.Swipes---ShakesTests";
				PRODUCT_NAME = "$(TARGET_NAME)";
				SWIFT_VERSION = 4.0;
				TARGETED_DEVICE_FAMILY = "1,2";
				TEST_HOST = "$(BUILT_PRODUCTS_DIR)/Swipes & Shakes.app/Swipes & Shakes";
			};
			name = Debug;
		};
		C07E14A81FE321F000FF3BDA /* Release */ = {
			isa = XCBuildConfiguration;
			buildSettings = {
				ALWAYS_EMBED_SWIFT_STANDARD_LIBRARIES = YES;
				BUNDLE_LOADER = "$(TEST_HOST)";
				CODE_SIGN_STYLE = Automatic;
				INFOPLIST_FILE = "Swipes & ShakesTests/Info.plist";
				LD_RUNPATH_SEARCH_PATHS = "$(inherited) @executable_path/Frameworks @loader_path/Frameworks";
				PRODUCT_BUNDLE_IDENTIFIER = "com.appmosphere.shakes-swipes.Swipes---ShakesTests";
				PRODUCT_NAME = "$(TARGET_NAME)";
				SWIFT_VERSION = 4.0;
				TARGETED_DEVICE_FAMILY = "1,2";
				TEST_HOST = "$(BUILT_PRODUCTS_DIR)/Swipes & Shakes.app/Swipes & Shakes";
			};
			name = Release;
		};
		C07E14AA1FE321F000FF3BDA /* Debug */ = {
			isa = XCBuildConfiguration;
			buildSettings = {
				ALWAYS_EMBED_SWIFT_STANDARD_LIBRARIES = YES;
				CODE_SIGN_STYLE = Automatic;
				INFOPLIST_FILE = "Swipes & ShakesUITests/Info.plist";
				LD_RUNPATH_SEARCH_PATHS = "$(inherited) @executable_path/Frameworks @loader_path/Frameworks";
				PRODUCT_BUNDLE_IDENTIFIER = "com.appmosphere.shakes-swipes.Swipes---ShakesUITests";
				PRODUCT_NAME = "$(TARGET_NAME)";
				SWIFT_VERSION = 4.0;
				TARGETED_DEVICE_FAMILY = "1,2";
				TEST_TARGET_NAME = "Swipes & Shakes";
			};
			name = Debug;
		};
		C07E14AB1FE321F000FF3BDA /* Release */ = {
			isa = XCBuildConfiguration;
			buildSettings = {
				ALWAYS_EMBED_SWIFT_STANDARD_LIBRARIES = YES;
				CODE_SIGN_STYLE = Automatic;
				INFOPLIST_FILE = "Swipes & ShakesUITests/Info.plist";
				LD_RUNPATH_SEARCH_PATHS = "$(inherited) @executable_path/Frameworks @loader_path/Frameworks";
				PRODUCT_BUNDLE_IDENTIFIER = "com.appmosphere.shakes-swipes.Swipes---ShakesUITests";
				PRODUCT_NAME = "$(TARGET_NAME)";
				SWIFT_VERSION = 4.0;
				TARGETED_DEVICE_FAMILY = "1,2";
				TEST_TARGET_NAME = "Swipes & Shakes";
			};
			name = Release;
		};
/* End XCBuildConfiguration section */

/* Begin XCConfigurationList section */
		C07E14761FE321F000FF3BDA /* Build configuration list for PBXProject "Swipes & Shakes" */ = {
			isa = XCConfigurationList;
			buildConfigurations = (
				C07E14A11FE321F000FF3BDA /* Debug */,
				C07E14A21FE321F000FF3BDA /* Release */,
			);
			defaultConfigurationIsVisible = 0;
			defaultConfigurationName = Release;
		};
		C07E14A31FE321F000FF3BDA /* Build configuration list for PBXNativeTarget "Swipes & Shakes" */ = {
			isa = XCConfigurationList;
			buildConfigurations = (
				C07E14A41FE321F000FF3BDA /* Debug */,
				C07E14A51FE321F000FF3BDA /* Release */,
			);
			defaultConfigurationIsVisible = 0;
			defaultConfigurationName = Release;
		};
		C07E14A61FE321F000FF3BDA /* Build configuration list for PBXNativeTarget "Swipes & ShakesTests" */ = {
			isa = XCConfigurationList;
			buildConfigurations = (
				C07E14A71FE321F000FF3BDA /* Debug */,
				C07E14A81FE321F000FF3BDA /* Release */,
			);
			defaultConfigurationIsVisible = 0;
			defaultConfigurationName = Release;
		};
		C07E14A91FE321F000FF3BDA /* Build configuration list for PBXNativeTarget "Swipes & ShakesUITests" */ = {
			isa = XCConfigurationList;
			buildConfigurations = (
				C07E14AA1FE321F000FF3BDA /* Debug */,
				C07E14AB1FE321F000FF3BDA /* Release */,
			);
			defaultConfigurationIsVisible = 0;
			defaultConfigurationName = Release;
		};
/* End XCConfigurationList section */
	};
	rootObject = C07E14731FE321F000FF3BDA /* Project object */;
}
